<?xml version="1.0" encoding="utf-8"?>
<Project ToolsVersion="4.0" xmlns="http://schemas.microsoft.com/developer/msbuild/2003">
  <ItemGroup>
    <ClCompile Include="src\ofApp.cpp">
      <Filter>src</Filter>
    </ClCompile>
    <ClCompile Include="src\main.cpp">
      <Filter>src</Filter>
    </ClCompile>
    <ClCompile Include="src\main.cpp">
      <Filter>src</Filter>
    </ClCompile>
    <ClCompile Include="src\ofApp.cpp">
      <Filter>src</Filter>
    </ClCompile>
    <ClCompile Include="..\..\..\..\..\Documents\Rubrics\of_v0.10.1_vs2017_release\addons\ofxAudioFile-master\src\ofxAudioFile.cpp">
      <Filter>addons\ofxAudioFile-master\src</Filter>
    </ClCompile>
    <ClCompile Include="..\..\..\..\..\Documents\Rubrics\of_v0.10.1_vs2017_release\addons\ofxFft-master\src\ofxEasyFft.cpp">
      <Filter>addons\ofxFft-master\src</Filter>
    </ClCompile>
    <ClCompile Include="..\..\..\..\..\Documents\Rubrics\of_v0.10.1_vs2017_release\addons\ofxFft-master\src\ofxFft.cpp">
      <Filter>addons\ofxFft-master\src</Filter>
    </ClCompile>
    <ClCompile Include="..\..\..\..\..\Documents\Rubrics\of_v0.10.1_vs2017_release\addons\ofxFft-master\src\ofxFftBasic.cpp">
      <Filter>addons\ofxFft-master\src</Filter>
    </ClCompile>
    <ClCompile Include="..\..\..\..\..\Documents\Rubrics\of_v0.10.1_vs2017_release\addons\ofxFft-master\src\ofxFftw.cpp">
      <Filter>addons\ofxFft-master\src</Filter>
    </ClCompile>
    <ClCompile Include="..\..\..\..\..\Documents\Rubrics\of_v0.10.1_vs2017_release\addons\ofxFft-master\src\ofxProcessFFT.cpp">
      <Filter>addons\ofxFft-master\src</Filter>
    </ClCompile>
    <ClCompile Include="..\..\..\..\..\Documents\Rubrics\of_v0.10.1_vs2017_release\addons\ofxFft-master\libs\kiss\kiss_fft.c">
      <Filter>addons\ofxFft-master\libs\kiss</Filter>
    </ClCompile>
    <ClCompile Include="..\..\..\..\..\Documents\Rubrics\of_v0.10.1_vs2017_release\addons\ofxFft-master\libs\kiss\kiss_fftr.c">
      <Filter>addons\ofxFft-master\libs\kiss</Filter>
    </ClCompile>
    <ClCompile Include="..\..\..\..\..\Documents\Rubrics\of_v0.10.1_vs2017_release\addons\ofxGui\src\ofxBaseGui.cpp">
      <Filter>addons\ofxGui\src</Filter>
    </ClCompile>
    <ClCompile Include="..\..\..\..\..\Documents\Rubrics\of_v0.10.1_vs2017_release\addons\ofxGui\src\ofxButton.cpp">
      <Filter>addons\ofxGui\src</Filter>
    </ClCompile>
    <ClCompile Include="..\..\..\..\..\Documents\Rubrics\of_v0.10.1_vs2017_release\addons\ofxGui\src\ofxColorPicker.cpp">
      <Filter>addons\ofxGui\src</Filter>
    </ClCompile>
    <ClCompile Include="..\..\..\..\..\Documents\Rubrics\of_v0.10.1_vs2017_release\addons\ofxGui\src\ofxGuiGroup.cpp">
      <Filter>addons\ofxGui\src</Filter>
    </ClCompile>
    <ClCompile Include="..\..\..\..\..\Documents\Rubrics\of_v0.10.1_vs2017_release\addons\ofxGui\src\ofxInputField.cpp">
      <Filter>addons\ofxGui\src</Filter>
    </ClCompile>
    <ClCompile Include="..\..\..\..\..\Documents\Rubrics\of_v0.10.1_vs2017_release\addons\ofxGui\src\ofxLabel.cpp">
      <Filter>addons\ofxGui\src</Filter>
    </ClCompile>
    <ClCompile Include="..\..\..\..\..\Documents\Rubrics\of_v0.10.1_vs2017_release\addons\ofxGui\src\ofxPanel.cpp">
      <Filter>addons\ofxGui\src</Filter>
    </ClCompile>
    <ClCompile Include="..\..\..\..\..\Documents\Rubrics\of_v0.10.1_vs2017_release\addons\ofxGui\src\ofxSlider.cpp">
      <Filter>addons\ofxGui\src</Filter>
    </ClCompile>
    <ClCompile Include="..\..\..\..\..\Documents\Rubrics\of_v0.10.1_vs2017_release\addons\ofxGui\src\ofxSliderGroup.cpp">
      <Filter>addons\ofxGui\src</Filter>
    </ClCompile>
    <ClCompile Include="..\..\..\..\..\Documents\Rubrics\of_v0.10.1_vs2017_release\addons\ofxGui\src\ofxToggle.cpp">
      <Filter>addons\ofxGui\src</Filter>
    </ClCompile>
    <ClCompile Include="Polynomial.cpp">
      <Filter>src</Filter>
    </ClCompile>
    <ClCompile Include="WavFile.cpp">
      <Filter>src</Filter>
    </ClCompile>
  </ItemGroup>
  <ItemGroup>
    <Filter Include="src">
      <UniqueIdentifier>{d8376475-7454-4a24-b08a-aac121d3ad6f}</UniqueIdentifier>
    </Filter>
    <Filter Include="addons">
      <UniqueIdentifier>{71834F65-F3A9-211E-73B8-DC85}</UniqueIdentifier>
    </Filter>
    <Filter Include="addons\ofxAudioFile-master">
      <UniqueIdentifier>{9960A333-9FE8-2627-162F-5B29}</UniqueIdentifier>
    </Filter>
    <Filter Include="addons\ofxAudioFile-master\src">
      <UniqueIdentifier>{FBEB408A-1D21-CE1D-2C25-73B7}</UniqueIdentifier>
    </Filter>
    <Filter Include="addons\ofxAudioFile-master\libs">
      <UniqueIdentifier>{669E8B4F-2D3B-7B78-D503-292D}</UniqueIdentifier>
    </Filter>
    <Filter Include="addons\ofxFft-master">
      <UniqueIdentifier>{476D819F-928A-FB04-76E9-3B5D}</UniqueIdentifier>
    </Filter>
    <Filter Include="addons\ofxFft-master\src">
      <UniqueIdentifier>{F2A7C14F-0379-A72F-A767-A9EC}</UniqueIdentifier>
    </Filter>
    <Filter Include="addons\ofxFft-master\libs">
      <UniqueIdentifier>{F73965EF-9682-E127-5497-1E49}</UniqueIdentifier>
    </Filter>
    <Filter Include="addons\ofxFft-master\libs\fftw">
      <UniqueIdentifier>{304B47DF-04D1-CFA7-8FCE-B878}</UniqueIdentifier>
    </Filter>
    <Filter Include="addons\ofxFft-master\libs\fftw\include">
      <UniqueIdentifier>{141C9A5E-EBA9-2E3D-F1ED-6CBC}</UniqueIdentifier>
    </Filter>
    <Filter Include="addons\ofxFft-master\libs\kiss">
      <UniqueIdentifier>{A3A4C3E0-A5E4-59BF-3FD3-908A}</UniqueIdentifier>
    </Filter>
    <Filter Include="addons\ofxGui">
      <UniqueIdentifier>{4F2A59AF-5F4E-704B-D067-EC13}</UniqueIdentifier>
    </Filter>
    <Filter Include="addons\ofxGui\src">
      <UniqueIdentifier>{645E9533-4DCD-6179-1CDF-CB65}</UniqueIdentifier>
    </Filter>
  </ItemGroup>
  <ItemGroup>
    <ClInclude Include="src\ofApp.h">
      <Filter>src</Filter>
    </ClInclude>
    <ClInclude Include="src\ofApp.h">
      <Filter>src</Filter>
    </ClInclude>
    <ClInclude Include="..\..\..\..\..\Documents\Rubrics\of_v0.10.1_vs2017_release\addons\ofxAudioFile-master\src\ofxAudioFile.h">
      <Filter>addons\ofxAudioFile-master\src</Filter>
    </ClInclude>
    <ClInclude Include="..\..\..\..\..\Documents\Rubrics\of_v0.10.1_vs2017_release\addons\ofxAudioFile-master\libs\dr_flac.h">
      <Filter>addons\ofxAudioFile-master\libs</Filter>
    </ClInclude>
    <ClInclude Include="..\..\..\..\..\Documents\Rubrics\of_v0.10.1_vs2017_release\addons\ofxAudioFile-master\libs\dr_mp3.h">
      <Filter>addons\ofxAudioFile-master\libs</Filter>
    </ClInclude>
    <ClInclude Include="..\..\..\..\..\Documents\Rubrics\of_v0.10.1_vs2017_release\addons\ofxAudioFile-master\libs\dr_wav.h">
      <Filter>addons\ofxAudioFile-master\libs</Filter>
    </ClInclude>
    <ClInclude Include="..\..\..\..\..\Documents\Rubrics\of_v0.10.1_vs2017_release\addons\ofxAudioFile-master\libs\stb_vorbis.h">
      <Filter>addons\ofxAudioFile-master\libs</Filter>
    </ClInclude>
    <ClInclude Include="..\..\..\..\..\Documents\Rubrics\of_v0.10.1_vs2017_release\addons\ofxFft-master\src\ofxEasyFft.h">
      <Filter>addons\ofxFft-master\src</Filter>
    </ClInclude>
    <ClInclude Include="..\..\..\..\..\Documents\Rubrics\of_v0.10.1_vs2017_release\addons\ofxFft-master\src\ofxFft.h">
      <Filter>addons\ofxFft-master\src</Filter>
    </ClInclude>
    <ClInclude Include="..\..\..\..\..\Documents\Rubrics\of_v0.10.1_vs2017_release\addons\ofxFft-master\src\ofxFftBasic.h">
      <Filter>addons\ofxFft-master\src</Filter>
    </ClInclude>
    <ClInclude Include="..\..\..\..\..\Documents\Rubrics\of_v0.10.1_vs2017_release\addons\ofxFft-master\src\ofxFftw.h">
      <Filter>addons\ofxFft-master\src</Filter>
    </ClInclude>
    <ClInclude Include="..\..\..\..\..\Documents\Rubrics\of_v0.10.1_vs2017_release\addons\ofxFft-master\src\ofxProcessFFT.h">
      <Filter>addons\ofxFft-master\src</Filter>
    </ClInclude>
    <ClInclude Include="..\..\..\..\..\Documents\Rubrics\of_v0.10.1_vs2017_release\addons\ofxFft-master\libs\fftw\include\fftw3.h">
      <Filter>addons\ofxFft-master\libs\fftw\include</Filter>
    </ClInclude>
    <ClInclude Include="..\..\..\..\..\Documents\Rubrics\of_v0.10.1_vs2017_release\addons\ofxFft-master\libs\kiss\kiss_fft.h">
      <Filter>addons\ofxFft-master\libs\kiss</Filter>
    </ClInclude>
    <ClInclude Include="..\..\..\..\..\Documents\Rubrics\of_v0.10.1_vs2017_release\addons\ofxFft-master\libs\kiss\kiss_fftr.h">
      <Filter>addons\ofxFft-master\libs\kiss</Filter>
    </ClInclude>
    <ClInclude Include="..\..\..\..\..\Documents\Rubrics\of_v0.10.1_vs2017_release\addons\ofxFft-master\libs\kiss\_kiss_fft_guts.h">
      <Filter>addons\ofxFft-master\libs\kiss</Filter>
    </ClInclude>
    <ClInclude Include="..\..\..\..\..\Documents\Rubrics\of_v0.10.1_vs2017_release\addons\ofxGui\src\ofxBaseGui.h">
      <Filter>addons\ofxGui\src</Filter>
    </ClInclude>
    <ClInclude Include="..\..\..\..\..\Documents\Rubrics\of_v0.10.1_vs2017_release\addons\ofxGui\src\ofxButton.h">
      <Filter>addons\ofxGui\src</Filter>
    </ClInclude>
    <ClInclude Include="..\..\..\..\..\Documents\Rubrics\of_v0.10.1_vs2017_release\addons\ofxGui\src\ofxColorPicker.h">
      <Filter>addons\ofxGui\src</Filter>
    </ClInclude>
    <ClInclude Include="..\..\..\..\..\Documents\Rubrics\of_v0.10.1_vs2017_release\addons\ofxGui\src\ofxGui.h">
      <Filter>addons\ofxGui\src</Filter>
    </ClInclude>
    <ClInclude Include="..\..\..\..\..\Documents\Rubrics\of_v0.10.1_vs2017_release\addons\ofxGui\src\ofxGuiGroup.h">
      <Filter>addons\ofxGui\src</Filter>
    </ClInclude>
    <ClInclude Include="..\..\..\..\..\Documents\Rubrics\of_v0.10.1_vs2017_release\addons\ofxGui\src\ofxInputField.h">
      <Filter>addons\ofxGui\src</Filter>
    </ClInclude>
    <ClInclude Include="..\..\..\..\..\Documents\Rubrics\of_v0.10.1_vs2017_release\addons\ofxGui\src\ofxLabel.h">
      <Filter>addons\ofxGui\src</Filter>
    </ClInclude>
    <ClInclude Include="..\..\..\..\..\Documents\Rubrics\of_v0.10.1_vs2017_release\addons\ofxGui\src\ofxPanel.h">
      <Filter>addons\ofxGui\src</Filter>
    </ClInclude>
    <ClInclude Include="..\..\..\..\..\Documents\Rubrics\of_v0.10.1_vs2017_release\addons\ofxGui\src\ofxSlider.h">
      <Filter>addons\ofxGui\src</Filter>
    </ClInclude>
    <ClInclude Include="..\..\..\..\..\Documents\Rubrics\of_v0.10.1_vs2017_release\addons\ofxGui\src\ofxSliderGroup.h">
      <Filter>addons\ofxGui\src</Filter>
    </ClInclude>
    <ClInclude Include="..\..\..\..\..\Documents\Rubrics\of_v0.10.1_vs2017_release\addons\ofxGui\src\ofxToggle.h">
      <Filter>addons\ofxGui\src</Filter>
    </ClInclude>
    <ClInclude Include="Polynomial.h">
      <Filter>src</Filter>
    </ClInclude>
    <ClInclude Include="..\..\..\..\..\Documents\Rubrics\of_v0.10.1_vs2017_release\libs\soundtouch_dll-2.1.1\SoundTouchDLL.h">
      <Filter>addons</Filter>
    </ClInclude>
  </ItemGroup>
  <ItemGroup>
    <ResourceCompile Include="icon.rc" />
  </ItemGroup>
  <ItemGroup>
    <Text Include="DEVELOPMENT.md" />
    <Text Include="..\..\..\..\..\Documents\Rubrics\of_v0.10.1_vs2017_release\addons\WavFile.h">
      <Filter>src</Filter>
    </Text>
  </ItemGroup>
</Project>